// !$*UTF8*$!
{
	archiveVersion = 1;
	classes = {
	};
	objectVersion = 56;
	objects = {

/* Begin PBXBuildFile section */
		AF105AF228DAF6B900ECC50D /* AstronautView.swift in Sources */ = {isa = PBXBuildFile; fileRef = AF105AF128DAF6B900ECC50D /* AstronautView.swift */; };
		AF69253828D067DE00A58D50 /* Astronaut.swift in Sources */ = {isa = PBXBuildFile; fileRef = AF69253728D067DE00A58D50 /* Astronaut.swift */; };
		AF69253A28D0686200A58D50 /* Bundle-Decoder.swift in Sources */ = {isa = PBXBuildFile; fileRef = AF69253928D0686200A58D50 /* Bundle-Decoder.swift */; };
		AF69253C28D07C6A00A58D50 /* Mission.swift in Sources */ = {isa = PBXBuildFile; fileRef = AF69253B28D07C6A00A58D50 /* Mission.swift */; };
		AF69253E28D098C600A58D50 /* ColorShapeStyle.swift in Sources */ = {isa = PBXBuildFile; fileRef = AF69253D28D098C600A58D50 /* ColorShapeStyle.swift */; };
		AF69254028D09D0300A58D50 /* MissionView.swift in Sources */ = {isa = PBXBuildFile; fileRef = AF69253F28D09D0300A58D50 /* MissionView.swift */; };
		AFB477FC28CF16B50039BFAF /* MoonshotApp.swift in Sources */ = {isa = PBXBuildFile; fileRef = AFB477FB28CF16B50039BFAF /* MoonshotApp.swift */; };
		AFB477FE28CF16B50039BFAF /* MainView.swift in Sources */ = {isa = PBXBuildFile; fileRef = AFB477FD28CF16B50039BFAF /* MainView.swift */; };
		AFB4780028CF16B60039BFAF /* Assets.xcassets in Resources */ = {isa = PBXBuildFile; fileRef = AFB477FF28CF16B60039BFAF /* Assets.xcassets */; };
		AFB4780328CF16B60039BFAF /* Preview Assets.xcassets in Resources */ = {isa = PBXBuildFile; fileRef = AFB4780228CF16B60039BFAF /* Preview Assets.xcassets */; };
		AFB4780A28CF34C40039BFAF /* astronauts.json in Resources */ = {isa = PBXBuildFile; fileRef = AFB4780928CF34C40039BFAF /* astronauts.json */; };
		AFB4780C28CF34CD0039BFAF /* missions.json in Resources */ = {isa = PBXBuildFile; fileRef = AFB4780B28CF34CD0039BFAF /* missions.json */; };
/* End PBXBuildFile section */

/* Begin PBXFileReference section */
		AF105AF128DAF6B900ECC50D /* AstronautView.swift */ = {isa = PBXFileReference; lastKnownFileType = sourcecode.swift; path = AstronautView.swift; sourceTree = "<group>"; };
		AF69253728D067DE00A58D50 /* Astronaut.swift */ = {isa = PBXFileReference; lastKnownFileType = sourcecode.swift; path = Astronaut.swift; sourceTree = "<group>"; };
		AF69253928D0686200A58D50 /* Bundle-Decoder.swift */ = {isa = PBXFileReference; lastKnownFileType = sourcecode.swift; path = "Bundle-Decoder.swift"; sourceTree = "<group>"; };
		AF69253B28D07C6A00A58D50 /* Mission.swift */ = {isa = PBXFileReference; lastKnownFileType = sourcecode.swift; path = Mission.swift; sourceTree = "<group>"; };
		AF69253D28D098C600A58D50 /* ColorShapeStyle.swift */ = {isa = PBXFileReference; lastKnownFileType = sourcecode.swift; path = ColorShapeStyle.swift; sourceTree = "<group>"; };
		AF69253F28D09D0300A58D50 /* MissionView.swift */ = {isa = PBXFileReference; lastKnownFileType = sourcecode.swift; path = MissionView.swift; sourceTree = "<group>"; };
		AFB477F828CF16B50039BFAF /* Moonshot.app */ = {isa = PBXFileReference; explicitFileType = wrapper.application; includeInIndex = 0; path = Moonshot.app; sourceTree = BUILT_PRODUCTS_DIR; };
		AFB477FB28CF16B50039BFAF /* MoonshotApp.swift */ = {isa = PBXFileReference; lastKnownFileType = sourcecode.swift; path = MoonshotApp.swift; sourceTree = "<group>"; };
		AFB477FD28CF16B50039BFAF /* MainView.swift */ = {isa = PBXFileReference; lastKnownFileType = sourcecode.swift; path = MainView.swift; sourceTree = "<group>"; };
		AFB477FF28CF16B60039BFAF /* Assets.xcassets */ = {isa = PBXFileReference; lastKnownFileType = folder.assetcatalog; path = Assets.xcassets; sourceTree = "<group>"; };
		AFB4780228CF16B60039BFAF /* Preview Assets.xcassets */ = {isa = PBXFileReference; lastKnownFileType = folder.assetcatalog; path = "Preview Assets.xcassets"; sourceTree = "<group>"; };
		AFB4780928CF34C40039BFAF /* astronauts.json */ = {isa = PBXFileReference; fileEncoding = 4; lastKnownFileType = text.json; path = astronauts.json; sourceTree = "<group>"; };
		AFB4780B28CF34CD0039BFAF /* missions.json */ = {isa = PBXFileReference; fileEncoding = 4; lastKnownFileType = text.json; path = missions.json; sourceTree = "<group>"; };
/* End PBXFileReference section */

/* Begin PBXFrameworksBuildPhase section */
		AFB477F528CF16B50039BFAF /* Frameworks */ = {
			isa = PBXFrameworksBuildPhase;
			buildActionMask = 2147483647;
			files = (
			);
			runOnlyForDeploymentPostprocessing = 0;
		};
/* End PBXFrameworksBuildPhase section */

/* Begin PBXGroup section */
		AF69254128D09D5E00A58D50 /* Data */ = {
			isa = PBXGroup;
			children = (
				AF69253728D067DE00A58D50 /* Astronaut.swift */,
				AF69253B28D07C6A00A58D50 /* Mission.swift */,
				AF69253928D0686200A58D50 /* Bundle-Decoder.swift */,
				AF69254328D09D7F00A58D50 /* JSON */,
			);
			path = Data;
			sourceTree = "<group>";
		};
		AF69254228D09D6400A58D50 /* View */ = {
			isa = PBXGroup;
			children = (
				AFB477FD28CF16B50039BFAF /* MainView.swift */,
				AF69253F28D09D0300A58D50 /* MissionView.swift */,
				AF105AF128DAF6B900ECC50D /* AstronautView.swift */,
			);
			path = View;
			sourceTree = "<group>";
		};
		AF69254328D09D7F00A58D50 /* JSON */ = {
			isa = PBXGroup;
			children = (
				AFB4780B28CF34CD0039BFAF /* missions.json */,
				AFB4780928CF34C40039BFAF /* astronauts.json */,
			);
			path = JSON;
			sourceTree = "<group>";
		};
		AFB477EF28CF16B50039BFAF = {
			isa = PBXGroup;
			children = (
				AFB477FA28CF16B50039BFAF /* Moonshot */,
				AFB477F928CF16B50039BFAF /* Products */,
			);
			sourceTree = "<group>";
		};
		AFB477F928CF16B50039BFAF /* Products */ = {
			isa = PBXGroup;
			children = (
				AFB477F828CF16B50039BFAF /* Moonshot.app */,
			);
			name = Products;
			sourceTree = "<group>";
		};
		AFB477FA28CF16B50039BFAF /* Moonshot */ = {
			isa = PBXGroup;
			children = (
				AFB477FB28CF16B50039BFAF /* MoonshotApp.swift */,
				AF69254228D09D6400A58D50 /* View */,
				AF69254128D09D5E00A58D50 /* Data */,
				AF69253D28D098C600A58D50 /* ColorShapeStyle.swift */,
				AFB477FF28CF16B60039BFAF /* Assets.xcassets */,
				AFB4780128CF16B60039BFAF /* Preview Content */,
			);
			path = Moonshot;
			sourceTree = "<group>";
		};
		AFB4780128CF16B60039BFAF /* Preview Content */ = {
			isa = PBXGroup;
			children = (
				AFB4780228CF16B60039BFAF /* Preview Assets.xcassets */,
			);
			path = "Preview Content";
			sourceTree = "<group>";
		};
/* End PBXGroup section */

/* Begin PBXNativeTarget section */
		AFB477F728CF16B50039BFAF /* Moonshot */ = {
			isa = PBXNativeTarget;
			buildConfigurationList = AFB4780628CF16B60039BFAF /* Build configuration list for PBXNativeTarget "Moonshot" */;
			buildPhases = (
				AFB477F428CF16B50039BFAF /* Sources */,
				AFB477F528CF16B50039BFAF /* Frameworks */,
				AFB477F628CF16B50039BFAF /* Resources */,
			);
			buildRules = (
			);
			dependencies = (
			);
			name = Moonshot;
			productName = Moonshot;
			productReference = AFB477F828CF16B50039BFAF /* Moonshot.app */;
			productType = "com.apple.product-type.application";
		};
/* End PBXNativeTarget section */

/* Begin PBXProject section */
		AFB477F028CF16B50039BFAF /* Project object */ = {
			isa = PBXProject;
			attributes = {
				BuildIndependentTargetsInParallel = 1;
				LastSwiftUpdateCheck = 1400;
				LastUpgradeCheck = 1400;
				TargetAttributes = {
					AFB477F728CF16B50039BFAF = {
						CreatedOnToolsVersion = 14.0;
					};
				};
			};
			buildConfigurationList = AFB477F328CF16B50039BFAF /* Build configuration list for PBXProject "Moonshot" */;
			compatibilityVersion = "Xcode 14.0";
			developmentRegion = en;
			hasScannedForEncodings = 0;
			knownRegions = (
				en,
				Base,
			);
			mainGroup = AFB477EF28CF16B50039BFAF;
			productRefGroup = AFB477F928CF16B50039BFAF /* Products */;
			projectDirPath = "";
			projectRoot = "";
			targets = (
				AFB477F728CF16B50039BFAF /* Moonshot */,
			);
		};
/* End PBXProject section */

/* Begin PBXResourcesBuildPhase section */
		AFB477F628CF16B50039BFAF /* Resources */ = {
			isa = PBXResourcesBuildPhase;
			buildActionMask = 2147483647;
			files = (
				AFB4780A28CF34C40039BFAF /* astronauts.json in Resources */,
				AFB4780328CF16B60039BFAF /* Preview Assets.xcassets in Resources */,
				AFB4780C28CF34CD0039BFAF /* missions.json in Resources */,
				AFB4780028CF16B60039BFAF /* Assets.xcassets in Resources */,
			);
			runOnlyForDeploymentPostprocessing = 0;
		};
/* End PBXResourcesBuildPhase section */

/* Begin PBXSourcesBuildPhase section */
		AFB477F428CF16B50039BFAF /* Sources */ = {
			isa = PBXSourcesBuildPhase;
			buildActionMask = 2147483647;
			files = (
				AF69253A28D0686200A58D50 /* Bundle-Decoder.swift in Sources */,
				AF69253828D067DE00A58D50 /* Astronaut.swift in Sources */,
				AF105AF228DAF6B900ECC50D /* AstronautView.swift in Sources */,
				AFB477FE28CF16B50039BFAF /* MainView.swift in Sources */,
				AF69253C28D07C6A00A58D50 /* Mission.swift in Sources */,
				AFB477FC28CF16B50039BFAF /* MoonshotApp.swift in Sources */,
				AF69253E28D098C600A58D50 /* ColorShapeStyle.swift in Sources */,
				AF69254028D09D0300A58D50 /* MissionView.swift in Sources */,
			);
			runOnlyForDeploymentPostprocessing = 0;
		};
/* End PBXSourcesBuildPhase section */

/* Begin XCBuildConfiguration section */
		AFB4780428CF16B60039BFAF /* Debug */ = {
			isa = XCBuildConfiguration;
			buildSettings = {
				ALWAYS_SEARCH_USER_PATHS = NO;
				CLANG_ANALYZER_NONNULL = YES;
				CLANG_ANALYZER_NUMBER_OBJECT_CONVERSION = YES_AGGRESSIVE;
				CLANG_CXX_LANGUAGE_STANDARD = "gnu++20";
				CLANG_ENABLE_MODULES = YES;
				CLANG_ENABLE_OBJC_ARC = YES;
				CLANG_ENABLE_OBJC_WEAK = YES;
				CLANG_WARN_BLOCK_CAPTURE_AUTORELEASING = YES;
				CLANG_WARN_BOOL_CONVERSION = YES;
				CLANG_WARN_COMMA = YES;
				CLANG_WARN_CONSTANT_CONVERSION = YES;
				CLANG_WARN_DEPRECATED_OBJC_IMPLEMENTATIONS = YES;
				CLANG_WARN_DIRECT_OBJC_ISA_USAGE = YES_ERROR;
				CLANG_WARN_DOCUMENTATION_COMMENTS = YES;
				CLANG_WARN_EMPTY_BODY = YES;
				CLANG_WARN_ENUM_CONVERSION = YES;
				CLANG_WARN_INFINITE_RECURSION = YES;
				CLANG_WARN_INT_CONVERSION = YES;
				CLANG_WARN_NON_LITERAL_NULL_CONVERSION = YES;
				CLANG_WARN_OBJC_IMPLICIT_RETAIN_SELF = YES;
				CLANG_WARN_OBJC_LITERAL_CONVERSION = YES;
				CLANG_WARN_OBJC_ROOT_CLASS = YES_ERROR;
				CLANG_WARN_QUOTED_INCLUDE_IN_FRAMEWORK_HEADER = YES;
				CLANG_WARN_RANGE_LOOP_ANALYSIS = YES;
				CLANG_WARN_STRICT_PROTOTYPES = YES;
				CLANG_WARN_SUSPICIOUS_MOVE = YES;
				CLANG_WARN_UNGUARDED_AVAILABILITY = YES_AGGRESSIVE;
				CLANG_WARN_UNREACHABLE_CODE = YES;
				CLANG_WARN__DUPLICATE_METHOD_MATCH = YES;
				COPY_PHASE_STRIP = NO;
				DEBUG_INFORMATION_FORMAT = dwarf;
				ENABLE_STRICT_OBJC_MSGSEND = YES;
				ENABLE_TESTABILITY = YES;
				GCC_C_LANGUAGE_STANDARD = gnu11;
				GCC_DYNAMIC_NO_PIC = NO;
				GCC_NO_COMMON_BLOCKS = YES;
				GCC_OPTIMIZATION_LEVEL = 0;
				GCC_PREPROCESSOR_DEFINITIONS = (
					"DEBUG=1",
					"$(inherited)",
				);
				GCC_WARN_64_TO_32_BIT_CONVERSION = YES;
				GCC_WARN_ABOUT_RETURN_TYPE = YES_ERROR;
				GCC_WARN_UNDECLARED_SELECTOR = YES;
				GCC_WARN_UNINITIALIZED_AUTOS = YES_AGGRESSIVE;
				GCC_WARN_UNUSED_FUNCTION = YES;
				GCC_WARN_UNUSED_VARIABLE = YES;
				IPHONEOS_DEPLOYMENT_TARGET = 15.0;
				MTL_ENABLE_DEBUG_INFO = INCLUDE_SOURCE;
				MTL_FAST_MATH = YES;
				ONLY_ACTIVE_ARCH = YES;
				SDKROOT = iphoneos;
				SWIFT_ACTIVE_COMPILATION_CONDITIONS = DEBUG;
				SWIFT_OPTIMIZATION_LEVEL = "-Onone";
			};
			name = Debug;
		};
		AFB4780528CF16B60039BFAF /* Release */ = {
			isa = XCBuildConfiguration;
			buildSettings = {
				ALWAYS_SEARCH_USER_PATHS = NO;
				CLANG_ANALYZER_NONNULL = YES;
				CLANG_ANALYZER_NUMBER_OBJECT_CONVERSION = YES_AGGRESSIVE;
				CLANG_CXX_LANGUAGE_STANDARD = "gnu++20";
				CLANG_ENABLE_MODULES = YES;
				CLANG_ENABLE_OBJC_ARC = YES;
				CLANG_ENABLE_OBJC_WEAK = YES;
				CLANG_WARN_BLOCK_CAPTURE_AUTORELEASING = YES;
				CLANG_WARN_BOOL_CONVERSION = YES;
				CLANG_WARN_COMMA = YES;
				CLANG_WARN_CONSTANT_CONVERSION = YES;
				CLANG_WARN_DEPRECATED_OBJC_IMPLEMENTATIONS = YES;
				CLANG_WARN_DIRECT_OBJC_ISA_USAGE = YES_ERROR;
				CLANG_WARN_DOCUMENTATION_COMMENTS = YES;
				CLANG_WARN_EMPTY_BODY = YES;
				CLANG_WARN_ENUM_CONVERSION = YES;
				CLANG_WARN_INFINITE_RECURSION = YES;
				CLANG_WARN_INT_CONVERSION = YES;
				CLANG_WARN_NON_LITERAL_NULL_CONVERSION = YES;
				CLANG_WARN_OBJC_IMPLICIT_RETAIN_SELF = YES;
				CLANG_WARN_OBJC_LITERAL_CONVERSION = YES;
				CLANG_WARN_OBJC_ROOT_CLASS = YES_ERROR;
				CLANG_WARN_QUOTED_INCLUDE_IN_FRAMEWORK_HEADER = YES;
				CLANG_WARN_RANGE_LOOP_ANALYSIS = YES;
				CLANG_WARN_STRICT_PROTOTYPES = YES;
				CLANG_WARN_SUSPICIOUS_MOVE = YES;
				CLANG_WARN_UNGUARDED_AVAILABILITY = YES_AGGRESSIVE;
				CLANG_WARN_UNREACHABLE_CODE = YES;
				CLANG_WARN__DUPLICATE_METHOD_MATCH = YES;
				COPY_PHASE_STRIP = NO;
				DEBUG_INFORMATION_FORMAT = "dwarf-with-dsym";
				ENABLE_NS_ASSERTIONS = NO;
				ENABLE_STRICT_OBJC_MSGSEND = YES;
				GCC_C_LANGUAGE_STANDARD = gnu11;
				GCC_NO_COMMON_BLOCKS = YES;
				GCC_WARN_64_TO_32_BIT_CONVERSION = YES;
				GCC_WARN_ABOUT_RETURN_TYPE = YES_ERROR;
				GCC_WARN_UNDECLARED_SELECTOR = YES;
				GCC_WARN_UNINITIALIZED_AUTOS = YES_AGGRESSIVE;
				GCC_WARN_UNUSED_FUNCTION = YES;
				GCC_WARN_UNUSED_VARIABLE = YES;
				IPHONEOS_DEPLOYMENT_TARGET = 15.0;
				MTL_ENABLE_DEBUG_INFO = NO;
				MTL_FAST_MATH = YES;
				SDKROOT = iphoneos;
				SWIFT_COMPILATION_MODE = wholemodule;
				SWIFT_OPTIMIZATION_LEVEL = "-O";
				VALIDATE_PRODUCT = YES;
			};
			name = Release;
		};
		AFB4780728CF16B60039BFAF /* Debug */ = {
			isa = XCBuildConfiguration;
			buildSettings = {
				ASSETCATALOG_COMPILER_APPICON_NAME = AppIcon;
				ASSETCATALOG_COMPILER_GLOBAL_ACCENT_COLOR_NAME = AccentColor;
				CODE_SIGN_STYLE = Automatic;
				CURRENT_PROJECT_VERSION = 1;
				DEVELOPMENT_ASSET_PATHS = "\"Moonshot/Preview Content\"";
				DEVELOPMENT_TEAM = 5276B4GLA5;
				ENABLE_PREVIEWS = YES;
				GENERATE_INFOPLIST_FILE = YES;
				INFOPLIST_KEY_UIApplicationSceneManifest_Generation = YES;
				INFOPLIST_KEY_UIApplicationSupportsIndirectInputEvents = YES;
				INFOPLIST_KEY_UILaunchScreen_Generation = YES;
				INFOPLIST_KEY_UISupportedInterfaceOrientations_iPad = "UIInterfaceOrientationPortrait UIInterfaceOrientationPortraitUpsideDown UIInterfaceOrientationLandscapeLeft UIInterfaceOrientationLandscapeRight";
				INFOPLIST_KEY_UISupportedInterfaceOrientations_iPhone = "UIInterfaceOrientationPortrait UIInterfaceOrientationLandscapeLeft UIInterfaceOrientationLandscapeRight";
				LD_RUNPATH_SEARCH_PATHS = (
					"$(inherited)",
					"@executable_path/Frameworks",
				);
				MARKETING_VERSION = 1.0;
				PRODUCT_BUNDLE_IDENTIFIER = appsaf2k.Moonshot;
				PRODUCT_NAME = "$(TARGET_NAME)";
				SWIFT_EMIT_LOC_STRINGS = YES;
				SWIFT_VERSION = 5.0;
				TARGETED_DEVICE_FAMILY = "1,2";
			};
			name = Debug;
		};
		AFB4780828CF16B60039BFAF /* Release */ = {
			isa = XCBuildConfiguration;
			buildSettings = {
				ASSETCATALOG_COMPILER_APPICON_NAME = AppIcon;
				ASSETCATALOG_COMPILER_GLOBAL_ACCENT_COLOR_NAME = AccentColor;
				CODE_SIGN_STYLE = Automatic;
				CURRENT_PROJECT_VERSION = 1;
				DEVELOPMENT_ASSET_PATHS = "\"Moonshot/Preview Content\"";
				DEVELOPMENT_TEAM = 5276B4GLA5;
				ENABLE_PREVIEWS = YES;
				GENERATE_INFOPLIST_FILE = YES;
				INFOPLIST_KEY_UIApplicationSceneManifest_Generation = YES;
				INFOPLIST_KEY_UIApplicationSupportsIndirectInputEvents = YES;
				INFOPLIST_KEY_UILaunchScreen_Generation = YES;
				INFOPLIST_KEY_UISupportedInterfaceOrientations_iPad = "UIInterfaceOrientationPortrait UIInterfaceOrientationPortraitUpsideDown UIInterfaceOrientationLandscapeLeft UIInterfaceOrientationLandscapeRight";
				INFOPLIST_KEY_UISupportedInterfaceOrientations_iPhone = "UIInterfaceOrientationPortrait UIInterfaceOrientationLandscapeLeft UIInterfaceOrientationLandscapeRight";
				LD_RUNPATH_SEARCH_PATHS = (
					"$(inherited)",
					"@executable_path/Frameworks",
				);
				MARKETING_VERSION = 1.0;
				PRODUCT_BUNDLE_IDENTIFIER = appsaf2k.Moonshot;
				PRODUCT_NAME = "$(TARGET_NAME)";
				SWIFT_EMIT_LOC_STRINGS = YES;
				SWIFT_VERSION = 5.0;
				TARGETED_DEVICE_FAMILY = "1,2";
			};
			name = Release;
		};
/* End XCBuildConfiguration section */

/* Begin XCConfigurationList section */
		AFB477F328CF16B50039BFAF /* Build configuration list for PBXProject "Moonshot" */ = {
			isa = XCConfigurationList;
			buildConfigurations = (
				AFB4780428CF16B60039BFAF /* Debug */,
				AFB4780528CF16B60039BFAF /* Release */,
			);
			defaultConfigurationIsVisible = 0;
			defaultConfigurationName = Release;
		};
		AFB4780628CF16B60039BFAF /* Build configuration list for PBXNativeTarget "Moonshot" */ = {
			isa = XCConfigurationList;
			buildConfigurations = (
				AFB4780728CF16B60039BFAF /* Debug */,
				AFB4780828CF16B60039BFAF /* Release */,
			);
			defaultConfigurationIsVisible = 0;
			defaultConfigurationName = Release;
		};
/* End XCConfigurationList section */
	};
	rootObject = AFB477F028CF16B50039BFAF /* Project object */;
}
